
Microsoft Visual Studio Solution File, Format Version 10.00
# Visual Studio 2008
Project("{D183A3D8-5FD8-494B-B014-37F57B35E655}") = "RIS", "RIS\RIS.dtproj", "{06B07BBC-1FCF-4BB3-9C27-1FD234BC9D64}"
EndProject
Global
	GlobalSection(SolutionConfigurationPlatforms) = preSolution
		Development|Default = Development|Default
	EndGlobalSection
	GlobalSection(ProjectConfigurationPlatforms) = postSolution
		{06B07BBC-1FCF-4BB3-9C27-1FD234BC9D64}.Development|Default.ActiveCfg = Development
		{06B07BBC-1FCF-4BB3-9C27-1FD234BC9D64}.Development|Default.Build.0 = Development
	EndGlobalSection
	GlobalSection(SolutionProperties) = preSolution
		HideSolutionNode = FALSE
	EndGlobalSection
EndGlobal
