
Microsoft Visual Studio Solution File, Format Version 10.00
# Visual Studio 2008
Project("{D183A3D8-5FD8-494B-B014-37F57B35E655}") = "FRP", "FRP\FRP.dtproj", "{5083B7D8-F513-4394-BA21-CD4829E596AC}"
EndProject
Global
	GlobalSection(SolutionConfigurationPlatforms) = preSolution
		Development|Default = Development|Default
	EndGlobalSection
	GlobalSection(ProjectConfigurationPlatforms) = postSolution
		{5083B7D8-F513-4394-BA21-CD4829E596AC}.Development|Default.ActiveCfg = Development
		{5083B7D8-F513-4394-BA21-CD4829E596AC}.Development|Default.Build.0 = Development
	EndGlobalSection
	GlobalSection(SolutionProperties) = preSolution
		HideSolutionNode = FALSE
	EndGlobalSection
EndGlobal
