
Microsoft Visual Studio Solution File, Format Version 12.00
# Visual Studio 2012
Project("{00D1A9C2-B5F0-4AF3-8072-F6C62B433612}") = "MetadataDB", "MetadataDB\MetadataDB.sqlproj", "{8844E03A-F47C-4052-9C52-BAAEB279B2F2}"
EndProject
Project("{00D1A9C2-B5F0-4AF3-8072-F6C62B433612}") = "DWReference", "DWReference\DWReference.sqlproj", "{007DA2A2-634F-4BA1-A0F8-DB04572EEBB9}"
EndProject
Project("{159641D6-6404-4A2A-AE62-294DE0FE8301}") = "Packages_Core", "Packages_Core\Packages_Core.dtproj", "{E29308DE-4C5F-439E-821E-974B70AA513E}"
EndProject
Project("{FAE04EC0-301F-11D3-BF4B-00C04F79EFBC}") = "DWReference.Test", "DWReference.Test\DWReference.Test.csproj", "{EA1110AF-C292-4A2C-8B40-A216BD210D29}"
EndProject
Project("{FAE04EC0-301F-11D3-BF4B-00C04F79EFBC}") = "DWReferenceHelper", "DWReferenceHelper\DWReferenceHelper.csproj", "{8A4AAB81-C64C-458D-B3E0-95DE16B17478}"
EndProject
Project("{FAE04EC0-301F-11D3-BF4B-00C04F79EFBC}") = "DWReferenceSsisSync.WPF", "DWReferenceSsisSync.WPF\DWReferenceSsisSync.WPF.csproj", "{0FDEC5AE-631B-4941-91F2-BACACF130AEE}"
EndProject
Project("{2150E333-8FDC-42A3-9474-1A3956D46DE8}") = "Useful Scripts", "Useful Scripts", "{BA5ADC87-40D7-4579-BB86-D91D40334FEA}"
	ProjectSection(SolutionItems) = preProject
		Useful Scripts\Audit Create Audit fields and CDC.sql = Useful Scripts\Audit Create Audit fields and CDC.sql
		Useful Scripts\Audit Create DDL Trigger.sql = Useful Scripts\Audit Create DDL Trigger.sql
		Useful Scripts\AX2012 Inventory snapshots Template.sql = Useful Scripts\AX2012 Inventory snapshots Template.sql
		Useful Scripts\Create Dummy Records in DataModel DB.sql = Useful Scripts\Create Dummy Records in DataModel DB.sql
		Useful Scripts\Job Creation Template.sql = Useful Scripts\Job Creation Template.sql
	EndProjectSection
EndProject
Global
	GlobalSection(TeamFoundationVersionControl) = preSolution
		SccNumberOfProjects = 7
		SccEnterpriseProvider = {4CA58AB2-18FA-4F8D-95D4-32DDF27D184C}
		SccTeamFoundationServer = http://05w3f5tf01:8080/tfs/platform
		SccLocalPath0 = .
		SccProjectUniqueName1 = MetadataDB\\MetadataDB.sqlproj
		SccProjectName1 = MetadataDB
		SccLocalPath1 = MetadataDB
		SccProjectUniqueName2 = DWReference\\DWReference.sqlproj
		SccProjectName2 = DWReference
		SccLocalPath2 = DWReference
		SccProjectUniqueName3 = Packages_Core\\Packages_Core.dtproj
		SccProjectName3 = Packages_Core
		SccLocalPath3 = Packages_Core
		SccProjectUniqueName4 = DWReference.Test\\DWReference.Test.csproj
		SccProjectName4 = DWReference.Test
		SccLocalPath4 = DWReference.Test
		SccProjectUniqueName5 = DWReferenceHelper\\DWReferenceHelper.csproj
		SccProjectName5 = DWReferenceHelper
		SccLocalPath5 = DWReferenceHelper
		SccProjectUniqueName6 = DWReferenceSsisSync.WPF\\DWReferenceSsisSync.WPF.csproj
		SccProjectName6 = DWReferenceSsisSync.WPF
		SccLocalPath6 = DWReferenceSsisSync.WPF
	EndGlobalSection
	GlobalSection(SolutionConfigurationPlatforms) = preSolution
		Debug|Any CPU = Debug|Any CPU
		Development|Any CPU = Development|Any CPU
		MetadataDB_Only|Any CPU = MetadataDB_Only|Any CPU
		Release|Any CPU = Release|Any CPU
	EndGlobalSection
	GlobalSection(ProjectConfigurationPlatforms) = postSolution
		{8844E03A-F47C-4052-9C52-BAAEB279B2F2}.Debug|Any CPU.ActiveCfg = Debug|Any CPU
		{8844E03A-F47C-4052-9C52-BAAEB279B2F2}.Development|Any CPU.ActiveCfg = Debug|Any CPU
		{8844E03A-F47C-4052-9C52-BAAEB279B2F2}.Development|Any CPU.Build.0 = Debug|Any CPU
		{8844E03A-F47C-4052-9C52-BAAEB279B2F2}.Development|Any CPU.Deploy.0 = Debug|Any CPU
		{8844E03A-F47C-4052-9C52-BAAEB279B2F2}.MetadataDB_Only|Any CPU.ActiveCfg = MetadataDB_Only|Any CPU
		{8844E03A-F47C-4052-9C52-BAAEB279B2F2}.MetadataDB_Only|Any CPU.Build.0 = MetadataDB_Only|Any CPU
		{8844E03A-F47C-4052-9C52-BAAEB279B2F2}.MetadataDB_Only|Any CPU.Deploy.0 = MetadataDB_Only|Any CPU
		{8844E03A-F47C-4052-9C52-BAAEB279B2F2}.Release|Any CPU.ActiveCfg = Release|Any CPU
		{8844E03A-F47C-4052-9C52-BAAEB279B2F2}.Release|Any CPU.Build.0 = Release|Any CPU
		{8844E03A-F47C-4052-9C52-BAAEB279B2F2}.Release|Any CPU.Deploy.0 = Release|Any CPU
		{007DA2A2-634F-4BA1-A0F8-DB04572EEBB9}.Debug|Any CPU.ActiveCfg = Debug|Any CPU
		{007DA2A2-634F-4BA1-A0F8-DB04572EEBB9}.Development|Any CPU.ActiveCfg = Debug|Any CPU
		{007DA2A2-634F-4BA1-A0F8-DB04572EEBB9}.Development|Any CPU.Build.0 = Debug|Any CPU
		{007DA2A2-634F-4BA1-A0F8-DB04572EEBB9}.Development|Any CPU.Deploy.0 = Debug|Any CPU
		{007DA2A2-634F-4BA1-A0F8-DB04572EEBB9}.MetadataDB_Only|Any CPU.ActiveCfg = MetadataDB_Only|Any CPU
		{007DA2A2-634F-4BA1-A0F8-DB04572EEBB9}.MetadataDB_Only|Any CPU.Build.0 = MetadataDB_Only|Any CPU
		{007DA2A2-634F-4BA1-A0F8-DB04572EEBB9}.MetadataDB_Only|Any CPU.Deploy.0 = MetadataDB_Only|Any CPU
		{007DA2A2-634F-4BA1-A0F8-DB04572EEBB9}.Release|Any CPU.ActiveCfg = Release|Any CPU
		{007DA2A2-634F-4BA1-A0F8-DB04572EEBB9}.Release|Any CPU.Build.0 = Release|Any CPU
		{007DA2A2-634F-4BA1-A0F8-DB04572EEBB9}.Release|Any CPU.Deploy.0 = Release|Any CPU
		{E29308DE-4C5F-439E-821E-974B70AA513E}.Debug|Any CPU.ActiveCfg = Development
		{E29308DE-4C5F-439E-821E-974B70AA513E}.Development|Any CPU.ActiveCfg = Development
		{E29308DE-4C5F-439E-821E-974B70AA513E}.Development|Any CPU.Build.0 = Development
		{E29308DE-4C5F-439E-821E-974B70AA513E}.MetadataDB_Only|Any CPU.ActiveCfg = Development
		{E29308DE-4C5F-439E-821E-974B70AA513E}.MetadataDB_Only|Any CPU.Build.0 = Development
		{E29308DE-4C5F-439E-821E-974B70AA513E}.Release|Any CPU.ActiveCfg = Development
		{E29308DE-4C5F-439E-821E-974B70AA513E}.Release|Any CPU.Build.0 = Development
		{EA1110AF-C292-4A2C-8B40-A216BD210D29}.Debug|Any CPU.ActiveCfg = Debug|Any CPU
		{EA1110AF-C292-4A2C-8B40-A216BD210D29}.Debug|Any CPU.Build.0 = Debug|Any CPU
		{EA1110AF-C292-4A2C-8B40-A216BD210D29}.Development|Any CPU.ActiveCfg = Debug|Any CPU
		{EA1110AF-C292-4A2C-8B40-A216BD210D29}.Development|Any CPU.Build.0 = Debug|Any CPU
		{EA1110AF-C292-4A2C-8B40-A216BD210D29}.MetadataDB_Only|Any CPU.ActiveCfg = Release|Any CPU
		{EA1110AF-C292-4A2C-8B40-A216BD210D29}.MetadataDB_Only|Any CPU.Build.0 = Release|Any CPU
		{EA1110AF-C292-4A2C-8B40-A216BD210D29}.Release|Any CPU.ActiveCfg = Release|Any CPU
		{EA1110AF-C292-4A2C-8B40-A216BD210D29}.Release|Any CPU.Build.0 = Release|Any CPU
		{8A4AAB81-C64C-458D-B3E0-95DE16B17478}.Debug|Any CPU.ActiveCfg = Debug|Any CPU
		{8A4AAB81-C64C-458D-B3E0-95DE16B17478}.Debug|Any CPU.Build.0 = Debug|Any CPU
		{8A4AAB81-C64C-458D-B3E0-95DE16B17478}.Development|Any CPU.ActiveCfg = Debug|Any CPU
		{8A4AAB81-C64C-458D-B3E0-95DE16B17478}.Development|Any CPU.Build.0 = Debug|Any CPU
		{8A4AAB81-C64C-458D-B3E0-95DE16B17478}.MetadataDB_Only|Any CPU.ActiveCfg = Release|Any CPU
		{8A4AAB81-C64C-458D-B3E0-95DE16B17478}.MetadataDB_Only|Any CPU.Build.0 = Release|Any CPU
		{8A4AAB81-C64C-458D-B3E0-95DE16B17478}.Release|Any CPU.ActiveCfg = Release|Any CPU
		{8A4AAB81-C64C-458D-B3E0-95DE16B17478}.Release|Any CPU.Build.0 = Release|Any CPU
		{0FDEC5AE-631B-4941-91F2-BACACF130AEE}.Debug|Any CPU.ActiveCfg = Debug|Any CPU
		{0FDEC5AE-631B-4941-91F2-BACACF130AEE}.Debug|Any CPU.Build.0 = Debug|Any CPU
		{0FDEC5AE-631B-4941-91F2-BACACF130AEE}.Development|Any CPU.ActiveCfg = Debug|Any CPU
		{0FDEC5AE-631B-4941-91F2-BACACF130AEE}.Development|Any CPU.Build.0 = Debug|Any CPU
		{0FDEC5AE-631B-4941-91F2-BACACF130AEE}.MetadataDB_Only|Any CPU.ActiveCfg = Release|Any CPU
		{0FDEC5AE-631B-4941-91F2-BACACF130AEE}.MetadataDB_Only|Any CPU.Build.0 = Release|Any CPU
		{0FDEC5AE-631B-4941-91F2-BACACF130AEE}.Release|Any CPU.ActiveCfg = Release|Any CPU
		{0FDEC5AE-631B-4941-91F2-BACACF130AEE}.Release|Any CPU.Build.0 = Release|Any CPU
	EndGlobalSection
	GlobalSection(SolutionProperties) = preSolution
		HideSolutionNode = FALSE
	EndGlobalSection
EndGlobal
